<?xml version="1.0"?>
<CONFIG>
  <ProjectOptions>
    <Version Value="9"/>
    <General>
      <Flags>
        <LRSInOutputDirectory Value="False"/>
      </Flags>
      <MainUnit Value="0"/>
      <ActiveWindowIndexAtStart Value="0"/>
    </General>
    <VersionInfo>
      <Language Value=""/>
      <CharSet Value=""/>
      <StringTable ProductVersion=""/>
    </VersionInfo>
    <BuildModes Count="1">
      <Item1 Name="default" Default="True"/>
    </BuildModes>
    <PublishOptions>
      <Version Value="2"/>
      <IgnoreBinaries Value="False"/>
      <IncludeFileFilter Value="*.(pas|pp|inc|lfm|lpr|lrs|lpi|lpk|sh|xml)"/>
      <ExcludeFileFilter Value="*.(bak|ppu|ppw|o|so);*~;backup"/>
    </PublishOptions>
    <RunParams>
      <local>
        <FormatVersion Value="1"/>
        <LaunchingApplication PathPlusParams="/usr/X11R6/bin/xterm -T 'Lazarus Run Output' -e $(LazarusDir)/tools/runwait.sh $(TargetCmdLine)"/>
      </local>
    </RunParams>
    <RequiredPackages Count="5">
      <Item1>
        <PackageName Value="lazmansoftware"/>
      </Item1>
      <Item2>
        <PackageName Value="lazmansoft"/>
      </Item2>
      <Item3>
        <PackageName Value="lazextcomponents"/>
      </Item3>
      <Item4>
        <PackageName Value="lazmanframes"/>
      </Item4>
      <Item5>
        <PackageName Value="LCL"/>
      </Item5>
    </RequiredPackages>
    <Units Count="64">
      <Unit0>
        <Filename Value="demo.lpr"/>
        <IsPartOfProject Value="True"/>
        <UnitName Value="Demo"/>
        <IsVisibleTab Value="True"/>
        <EditorIndex Value="0"/>
        <WindowIndex Value="0"/>
        <TopLine Value="1"/>
        <CursorPos X="40" Y="20"/>
        <UsageCount Value="123"/>
        <Loaded Value="True"/>
        <LoadedDesigner Value="True"/>
      </Unit0>
      <Unit1>
        <Filename Value="../../../Lazarus Delphi/Extended/forms/u_zconnection.pas"/>
        <ComponentName Value="F_ZConnectionWindow"/>
        <ResourceBaseClass Value="Form"/>
        <UnitName Value="u_zconnection"/>
        <TopLine Value="90"/>
        <CursorPos X="47" Y="100"/>
        <SyntaxHighlighter Value="Delphi"/>
        <UsageCount Value="34"/>
      </Unit1>
      <Unit2>
        <Filename Value="u_constmessage.pas"/>
        <UnitName Value="U_ConstMessage"/>
        <TopLine Value="1"/>
        <CursorPos X="1" Y="1"/>
        <UsageCount Value="12"/>
      </Unit2>
      <Unit3>
        <Filename Value="../../../../../usr/lib/lazarus/lcl/interfaces/gtk/interfaces.pp"/>
        <UnitName Value="Interfaces"/>
        <TopLine Value="1"/>
        <CursorPos X="18" Y="17"/>
        <SyntaxHighlighter Value="Delphi"/>
        <UsageCount Value="9"/>
      </Unit3>
      <Unit4>
        <Filename Value="../../composants/Matthieu/forms/U_FenetrePrincipale.pas"/>
        <UnitName Value="U_FenetrePrincipale"/>
        <TopLine Value="38"/>
        <CursorPos X="47" Y="72"/>
        <SyntaxHighlighter Value="Delphi"/>
        <UsageCount Value="9"/>
      </Unit4>
      <Unit5>
        <Filename Value="../../composants/Matthieu/forms/u_donnees.pas"/>
        <ComponentName Value="M_Donnees"/>
        <HasResources Value="True"/>
        <UnitName Value="U_Donnees"/>
        <TopLine Value="1"/>
        <CursorPos X="1" Y="1"/>
        <SyntaxHighlighter Value="Delphi"/>
        <UsageCount Value="9"/>
      </Unit5>
      <Unit6>
        <Filename Value="../../../../../usr/lib/lazarus/lcl/include/control.inc"/>
        <TopLine Value="2068"/>
        <CursorPos X="1" Y="2094"/>
        <SyntaxHighlighter Value="Delphi"/>
        <UsageCount Value="9"/>
      </Unit6>
      <Unit7>
        <Filename Value="../../composants/Matthieu/fonctions/fonctions_init.pas"/>
        <UnitName Value="fonctions_init"/>
        <TopLine Value="384"/>
        <CursorPos X="1" Y="410"/>
        <SyntaxHighlighter Value="Delphi"/>
        <UsageCount Value="9"/>
      </Unit7>
      <Unit8>
        <Filename Value="../../../../../usr/lib/lazarus/lcl/forms.pp"/>
        <UnitName Value="Forms"/>
        <TopLine Value="996"/>
        <CursorPos X="15" Y="1022"/>
        <SyntaxHighlighter Value="Delphi"/>
        <UsageCount Value="9"/>
      </Unit8>
      <Unit9>
        <Filename Value="../../../../../usr/lib/lazarus/lcl/include/application.inc"/>
        <TopLine Value="1591"/>
        <CursorPos X="1" Y="1617"/>
        <SyntaxHighlighter Value="Delphi"/>
        <UsageCount Value="9"/>
      </Unit9>
      <Unit10>
        <Filename Value="../../composants/Matthieu/composants/U_FormMainIni.pas"/>
        <UnitName Value="U_FormMainIni"/>
        <TopLine Value="64"/>
        <CursorPos X="9" Y="90"/>
        <SyntaxHighlighter Value="Delphi"/>
        <UsageCount Value="9"/>
      </Unit10>
      <Unit11>
        <Filename Value="../../../Lazarus Delphi/Extended/forms/U_FenetrePrincipale.pas"/>
        <UnitName Value="U_FenetrePrincipale"/>
        <TopLine Value="302"/>
        <CursorPos X="12" Y="345"/>
        <SyntaxHighlighter Value="Delphi"/>
        <UsageCount Value="15"/>
      </Unit11>
      <Unit12>
        <Filename Value="../../../Lazarus Delphi/Extended/fonctions/fonctions_Objets_Dynamiques.pas"/>
        <UnitName Value="fonctions_Objets_Dynamiques"/>
        <TopLine Value="555"/>
        <CursorPos X="91" Y="586"/>
        <SyntaxHighlighter Value="Delphi"/>
        <UsageCount Value="14"/>
      </Unit12>
      <Unit13>
        <Filename Value="../../composants/Extended/forms/U_FenetrePrincipale.pas"/>
        <UnitName Value="U_FenetrePrincipale"/>
        <TopLine Value="223"/>
        <CursorPos X="25" Y="263"/>
        <SyntaxHighlighter Value="Delphi"/>
        <UsageCount Value="9"/>
      </Unit13>
      <Unit14>
        <Filename Value="../../../Lazarus Delphi/Extended/composants/U_FormMainIni.pas"/>
        <ComponentName Value="F_FormMainIni"/>
        <HasResources Value="True"/>
        <ResourceBaseClass Value="Form"/>
        <UnitName Value="U_FormMainIni"/>
        <TopLine Value="1394"/>
        <CursorPos X="39" Y="1424"/>
        <SyntaxHighlighter Value="Delphi"/>
        <UsageCount Value="14"/>
      </Unit14>
      <Unit15>
        <Filename Value="../../../../../usr/lib/lazarus/lcl/include/customform.inc"/>
        <TopLine Value="2"/>
        <CursorPos X="1" Y="34"/>
        <SyntaxHighlighter Value="Delphi"/>
        <UsageCount Value="10"/>
      </Unit15>
      <Unit16>
        <Filename Value="../../../../../usr/lib/lazarus/lcl/controls.pp"/>
        <UnitName Value="Controls"/>
        <TopLine Value="1170"/>
        <CursorPos X="19" Y="1201"/>
        <SyntaxHighlighter Value="Delphi"/>
        <UsageCount Value="10"/>
      </Unit16>
      <Unit17>
        <Filename Value="../../../Lazarus Delphi/Extended/fonctions/fonctions_init.pas"/>
        <UnitName Value="fonctions_init"/>
        <TopLine Value="683"/>
        <CursorPos X="3" Y="688"/>
        <SyntaxHighlighter Value="Delphi"/>
        <UsageCount Value="21"/>
      </Unit17>
      <Unit18>
        <Filename Value="/usr/lib/lazarus/0.9.30/lcl/lresources.pp"/>
        <UnitName Value="LResources"/>
        <WindowIndex Value="0"/>
        <TopLine Value="3049"/>
        <CursorPos X="1" Y="3072"/>
        <UsageCount Value="11"/>
      </Unit18>
      <Unit19>
        <Filename Value="../../forms/u_fenetreprincipale.pas"/>
        <ComponentName Value="F_FenetrePrincipale"/>
        <HasResources Value="True"/>
        <ResourceBaseClass Value="Form"/>
        <UnitName Value="U_FenetrePrincipale"/>
        <EditorIndex Value="9"/>
        <WindowIndex Value="0"/>
        <TopLine Value="310"/>
        <CursorPos X="20" Y="338"/>
        <UsageCount Value="12"/>
        <Loaded Value="True"/>
        <LoadedDesigner Value="True"/>
        <DefaultSyntaxHighlighter Value="Delphi"/>
      </Unit19>
      <Unit20>
        <Filename Value="../../forms/u_acces.pas"/>
        <ComponentName Value="F_Acces"/>
        <HasResources Value="True"/>
        <ResourceBaseClass Value="Form"/>
        <UnitName Value="U_Acces"/>
        <EditorIndex Value="18"/>
        <WindowIndex Value="0"/>
        <TopLine Value="48"/>
        <CursorPos X="33" Y="100"/>
        <UsageCount Value="11"/>
        <Loaded Value="True"/>
        <DefaultSyntaxHighlighter Value="Delphi"/>
      </Unit20>
      <Unit21>
        <Filename Value="../../../Extended/composants/U_FormMainIni.pas"/>
        <ComponentName Value="F_FormMainIni"/>
        <HasResources Value="True"/>
        <ResourceBaseClass Value="Form"/>
        <UnitName Value="U_FormMainIni"/>
        <WindowIndex Value="0"/>
        <TopLine Value="1015"/>
        <CursorPos X="83" Y="1076"/>
        <UsageCount Value="10"/>
      </Unit21>
      <Unit22>
        <Filename Value="../../forms/u_administration.pas"/>
        <UnitName Value="U_Administration"/>
        <EditorIndex Value="17"/>
        <WindowIndex Value="0"/>
        <TopLine Value="530"/>
        <CursorPos X="51" Y="574"/>
        <UsageCount Value="10"/>
        <Loaded Value="True"/>
        <DefaultSyntaxHighlighter Value="Delphi"/>
      </Unit22>
      <Unit23>
        <Filename Value="../../fonctions/fonctions_Objets_Data.pas"/>
        <UnitName Value="fonctions_Objets_Data"/>
        <EditorIndex Value="4"/>
        <WindowIndex Value="0"/>
        <TopLine Value="2239"/>
        <CursorPos X="1" Y="2265"/>
        <UsageCount Value="11"/>
        <Loaded Value="True"/>
        <DefaultSyntaxHighlighter Value="Delphi"/>
      </Unit23>
      <Unit24>
        <Filename Value="../../../XMLFrames/forms/u_multidonnees.pas"/>
        <UnitName Value="u_multidonnees"/>
        <WindowIndex Value="0"/>
        <TopLine Value="335"/>
        <CursorPos X="21" Y="122"/>
        <UsageCount Value="10"/>
      </Unit24>
      <Unit25>
        <Filename Value="../../../XMLFrames/fonctions/fonctions_autocomponents.pas"/>
        <UnitName Value="fonctions_autocomponents"/>
        <EditorIndex Value="21"/>
        <WindowIndex Value="0"/>
        <TopLine Value="49"/>
        <CursorPos X="1" Y="1"/>
        <UsageCount Value="11"/>
        <Loaded Value="True"/>
      </Unit25>
      <Unit26>
        <Filename Value="../../../XMLFrames/fonctions/fonctions_ObjetsXML.pas"/>
        <UnitName Value="fonctions_ObjetsXML"/>
        <WindowIndex Value="0"/>
        <TopLine Value="774"/>
        <CursorPos X="1" Y="806"/>
        <UsageCount Value="10"/>
      </Unit26>
      <Unit27>
        <Filename Value="/usr/lib/lazarus/0.9.30/lcl/include/toolbutton.inc"/>
        <WindowIndex Value="0"/>
        <TopLine Value="103"/>
        <CursorPos X="1" Y="139"/>
        <UsageCount Value="10"/>
      </Unit27>
      <Unit28>
        <Filename Value="../../../Extended/composants/u_extmenutoolbar.pas"/>
        <UnitName Value="u_extmenutoolbar"/>
        <WindowIndex Value="0"/>
        <TopLine Value="69"/>
        <CursorPos X="1" Y="179"/>
        <UsageCount Value="10"/>
      </Unit28>
      <Unit29>
        <Filename Value="/usr/lib/lazarus/0.9.30/lcl/include/control.inc"/>
        <WindowIndex Value="0"/>
        <TopLine Value="2266"/>
        <CursorPos X="1" Y="2289"/>
        <UsageCount Value="10"/>
      </Unit29>
      <Unit30>
        <Filename Value="../../lazmanframes.pas"/>
        <UnitName Value="lazmanframes"/>
        <EditorIndex Value="5"/>
        <WindowIndex Value="0"/>
        <TopLine Value="1"/>
        <CursorPos X="60" Y="10"/>
        <UsageCount Value="11"/>
        <Loaded Value="True"/>
        <DefaultSyntaxHighlighter Value="Delphi"/>
      </Unit30>
      <Unit31>
        <Filename Value="../../../Extended/composants/U_ExtComboInsert.pas"/>
        <UnitName Value="U_ExtComboInsert"/>
        <WindowIndex Value="0"/>
        <TopLine Value="274"/>
        <CursorPos X="5" Y="290"/>
        <UsageCount Value="10"/>
      </Unit31>
      <Unit32>
        <Filename Value="../../../Extended/composants/u_extdbgrid.pas"/>
        <UnitName Value="u_extdbgrid"/>
        <WindowIndex Value="0"/>
        <TopLine Value="27"/>
        <CursorPos X="57" Y="52"/>
        <UsageCount Value="10"/>
      </Unit32>
      <Unit33>
        <Filename Value="../../../Extended/composants/u_extsearchedit.pas"/>
        <UnitName Value="u_extsearchedit"/>
        <WindowIndex Value="0"/>
        <TopLine Value="25"/>
        <CursorPos X="90" Y="41"/>
        <UsageCount Value="10"/>
      </Unit33>
      <Unit34>
        <Filename Value="../../../XMLFrames/forms/U_XMLFenetrePrincipale.pas"/>
        <ComponentName Value="F_FenetrePrincipale"/>
        <HasResources Value="True"/>
        <ResourceBaseClass Value="Form"/>
        <UnitName Value="U_XMLFenetrePrincipale"/>
        <WindowIndex Value="0"/>
        <TopLine Value="102"/>
        <CursorPos X="10" Y="116"/>
        <UsageCount Value="11"/>
      </Unit34>
      <Unit35>
        <Filename Value="../../fonctions/fonctions_FenetrePrincipale.pas"/>
        <UnitName Value="fonctions_FenetrePrincipale"/>
        <WindowIndex Value="0"/>
        <TopLine Value="261"/>
        <CursorPos X="71" Y="262"/>
        <UsageCount Value="11"/>
        <DefaultSyntaxHighlighter Value="Delphi"/>
      </Unit35>
      <Unit36>
        <Filename Value="../../fonctions/unite_variables.pas"/>
        <UnitName Value="unite_variables"/>
        <WindowIndex Value="0"/>
        <TopLine Value="78"/>
        <CursorPos X="18" Y="101"/>
        <UsageCount Value="10"/>
        <DefaultSyntaxHighlighter Value="Delphi"/>
      </Unit36>
      <Unit37>
        <Filename Value="../../fonctions/fonctions_Objets_Dynamiques.pas"/>
        <UnitName Value="fonctions_Objets_Dynamiques"/>
        <WindowIndex Value="0"/>
        <TopLine Value="1"/>
        <CursorPos X="1" Y="1"/>
        <UsageCount Value="11"/>
        <DefaultSyntaxHighlighter Value="Delphi"/>
      </Unit37>
      <Unit38>
        <Filename Value="../../forms/U_FenetrePrincipale.lfm"/>
        <WindowIndex Value="0"/>
        <TopLine Value="218"/>
        <CursorPos X="22" Y="256"/>
        <UsageCount Value="10"/>
        <DefaultSyntaxHighlighter Value="LFM"/>
      </Unit38>
      <Unit39>
        <Filename Value="../../../XMLFrames/forms/U_XMLFenetrePrincipale.lfm"/>
        <WindowIndex Value="0"/>
        <TopLine Value="959"/>
        <CursorPos X="28" Y="997"/>
        <UsageCount Value="10"/>
        <DefaultSyntaxHighlighter Value="LFM"/>
      </Unit39>
      <Unit40>
        <Filename Value="../../../Extended/fonctions/fonctions_version.pas"/>
        <UnitName Value="fonctions_version"/>
        <WindowIndex Value="0"/>
        <TopLine Value="49"/>
        <CursorPos X="92" Y="74"/>
        <UsageCount Value="10"/>
        <DefaultSyntaxHighlighter Value="Delphi"/>
      </Unit40>
      <Unit41>
        <Filename Value="../../../Extended/fonctions/fonctions_init.pas"/>
        <UnitName Value="fonctions_init"/>
        <EditorIndex Value="1"/>
        <WindowIndex Value="0"/>
        <TopLine Value="261"/>
        <CursorPos X="5" Y="303"/>
        <UsageCount Value="11"/>
        <Loaded Value="True"/>
      </Unit41>
      <Unit42>
        <Filename Value="../../composants/u_customframework.pas"/>
        <UnitName Value="u_customframework"/>
        <EditorIndex Value="6"/>
        <WindowIndex Value="0"/>
        <TopLine Value="37"/>
        <CursorPos X="1" Y="66"/>
        <UsageCount Value="11"/>
        <Loaded Value="True"/>
        <DefaultSyntaxHighlighter Value="Delphi"/>
      </Unit42>
      <Unit43>
        <Filename Value="../../../XMLFrames/composants/u_xmlform.pas"/>
        <UnitName Value="u_xmlform"/>
        <EditorIndex Value="7"/>
        <WindowIndex Value="0"/>
        <TopLine Value="305"/>
        <CursorPos X="46" Y="339"/>
        <UsageCount Value="11"/>
        <Loaded Value="True"/>
      </Unit43>
      <Unit44>
        <Filename Value="../../../XMLFrames/fonctions/fonctions_xml.pas"/>
        <UnitName Value="fonctions_xml"/>
        <WindowIndex Value="0"/>
        <TopLine Value="1"/>
        <CursorPos X="145" Y="9"/>
        <UsageCount Value="11"/>
      </Unit44>
      <Unit45>
        <Filename Value="../../../XMLFrames/fonctions/fonctions_objetsxml.pas"/>
        <UnitName Value="fonctions_ObjetsXML"/>
        <EditorIndex Value="22"/>
        <WindowIndex Value="0"/>
        <TopLine Value="1"/>
        <CursorPos X="103" Y="12"/>
        <UsageCount Value="11"/>
        <Loaded Value="True"/>
      </Unit45>
      <Unit46>
        <Filename Value="../../fonctions/fonctions_manbase.pas"/>
        <UnitName Value="fonctions_manbase"/>
        <EditorIndex Value="8"/>
        <WindowIndex Value="0"/>
        <TopLine Value="149"/>
        <CursorPos X="76" Y="168"/>
        <UsageCount Value="11"/>
        <Loaded Value="True"/>
        <DefaultSyntaxHighlighter Value="Delphi"/>
      </Unit46>
      <Unit47>
        <Filename Value="../../../Extended/fonctions/fonctions_proprietes.pas"/>
        <UnitName Value="fonctions_proprietes"/>
        <EditorIndex Value="20"/>
        <WindowIndex Value="0"/>
        <TopLine Value="25"/>
        <CursorPos X="30" Y="36"/>
        <UsageCount Value="10"/>
        <Loaded Value="True"/>
      </Unit47>
      <Unit48>
        <Filename Value="../../../Extended/fonctions/fonctions_languages.pas"/>
        <UnitName Value="fonctions_languages"/>
        <EditorIndex Value="23"/>
        <WindowIndex Value="0"/>
        <TopLine Value="78"/>
        <CursorPos X="10" Y="99"/>
        <UsageCount Value="10"/>
        <Loaded Value="True"/>
      </Unit48>
      <Unit49>
        <Filename Value="../../forms/u_fenetreprincipale.lfm"/>
        <EditorIndex Value="19"/>
        <WindowIndex Value="0"/>
        <TopLine Value="1"/>
        <CursorPos X="19" Y="7"/>
        <UsageCount Value="10"/>
        <Loaded Value="True"/>
        <DefaultSyntaxHighlighter Value="LFM"/>
      </Unit49>
      <Unit50>
        <Filename Value="../../../Extended/extends.inc"/>
        <EditorIndex Value="10"/>
        <WindowIndex Value="0"/>
        <TopLine Value="1"/>
        <CursorPos X="1" Y="8"/>
        <UsageCount Value="10"/>
        <Loaded Value="True"/>
      </Unit50>
      <Unit51>
        <Filename Value="../../../Extended/composants/u_regfwbuttons_appli.pas"/>
        <UnitName Value="u_regfwbuttons_appli"/>
        <EditorIndex Value="11"/>
        <WindowIndex Value="0"/>
        <TopLine Value="20"/>
        <CursorPos X="28" Y="35"/>
        <UsageCount Value="10"/>
        <Loaded Value="True"/>
      </Unit51>
      <Unit52>
        <Filename Value="../../../Extended/composants/u_buttons_defs.pas"/>
        <UnitName Value="u_buttons_defs"/>
        <EditorIndex Value="13"/>
        <WindowIndex Value="0"/>
        <TopLine Value="146"/>
        <CursorPos X="133" Y="164"/>
        <UsageCount Value="10"/>
        <Loaded Value="True"/>
      </Unit52>
      <Unit53>
        <Filename Value="../../../Extended/composants/u_buttons_appli.pas"/>
        <UnitName Value="u_buttons_appli"/>
        <EditorIndex Value="12"/>
        <WindowIndex Value="0"/>
        <TopLine Value="7"/>
        <CursorPos X="115" Y="13"/>
        <UsageCount Value="10"/>
        <Loaded Value="True"/>
      </Unit53>
      <Unit54>
        <Filename Value="../../../Extended/composants/u_regbfsbuttons.lrs"/>
        <WindowIndex Value="0"/>
        <TopLine Value="1"/>
        <CursorPos X="1" Y="1"/>
        <UsageCount Value="10"/>
      </Unit54>
      <Unit55>
        <Filename Value="../../../Extended/composants/u_regbfsbuttons.pas"/>
        <UnitName Value="u_regbfsbuttons"/>
        <WindowIndex Value="0"/>
        <TopLine Value="1"/>
        <CursorPos X="1" Y="1"/>
        <UsageCount Value="10"/>
      </Unit55>
      <Unit56>
        <Filename Value="../../../Extended/composants/u_buttons_blue.pas"/>
        <UnitName Value="u_buttons_blue"/>
        <WindowIndex Value="0"/>
        <TopLine Value="1"/>
        <CursorPos X="1" Y="1"/>
        <UsageCount Value="10"/>
      </Unit56>
      <Unit57>
        <Filename Value="../../../Extended/composants/u_buttons_extension.pas"/>
        <UnitName Value="u_buttons_extension"/>
        <WindowIndex Value="0"/>
        <TopLine Value="1"/>
        <CursorPos X="1" Y="6"/>
        <UsageCount Value="10"/>
      </Unit57>
      <Unit58>
        <Filename Value="../../../Extended/fonctions/unite_messages.pas"/>
        <UnitName Value="unite_messages"/>
        <EditorIndex Value="14"/>
        <WindowIndex Value="0"/>
        <TopLine Value="1"/>
        <CursorPos X="1" Y="11"/>
        <UsageCount Value="10"/>
        <Loaded Value="True"/>
      </Unit58>
      <Unit59>
        <Filename Value="../../../Extended/fonctions/fonctions_string.pas"/>
        <UnitName Value="fonctions_string"/>
        <WindowIndex Value="0"/>
        <TopLine Value="34"/>
        <CursorPos X="12" Y="64"/>
        <UsageCount Value="10"/>
        <DefaultSyntaxHighlighter Value="Delphi"/>
      </Unit59>
      <Unit60>
        <Filename Value="../../../AncestroComponents/components/u_registerbuttons.pas"/>
        <UnitName Value="u_registerbuttons"/>
        <EditorIndex Value="15"/>
        <WindowIndex Value="0"/>
        <TopLine Value="1"/>
        <CursorPos X="1" Y="7"/>
        <UsageCount Value="10"/>
        <Loaded Value="True"/>
      </Unit60>
      <Unit61>
        <Filename Value="../../../AncestroComponents/components/u_ancestropictimages.pas"/>
        <UnitName Value="u_ancestropictimages"/>
        <EditorIndex Value="16"/>
        <WindowIndex Value="0"/>
        <TopLine Value="2"/>
        <CursorPos X="1" Y="9"/>
        <UsageCount Value="10"/>
        <Loaded Value="True"/>
      </Unit61>
      <Unit62>
        <Filename Value="../../../Extended/fonctions/fonctions_forms.pas"/>
        <UnitName Value="fonctions_forms"/>
        <EditorIndex Value="2"/>
        <WindowIndex Value="0"/>
        <TopLine Value="1"/>
        <CursorPos X="1" Y="1"/>
        <UsageCount Value="10"/>
        <Loaded Value="True"/>
      </Unit62>
      <Unit63>
        <Filename Value="../../../Extended/composants/u_formmainini.pas"/>
        <UnitName Value="U_FormMainIni"/>
        <EditorIndex Value="3"/>
        <WindowIndex Value="0"/>
        <TopLine Value="119"/>
        <CursorPos X="1" Y="148"/>
        <UsageCount Value="10"/>
        <Loaded Value="True"/>
      </Unit63>
    </Units>
    <JumpHistory Count="30" HistoryIndex="29">
      <Position1>
        <Filename Value="../../../Extended/composants/u_buttons_defs.pas"/>
        <Caret Line="165" Column="1" TopLine="134"/>
      </Position1>
      <Position2>
        <Filename Value="../../../AncestroComponents/components/u_registerbuttons.pas"/>
        <Caret Line="33" Column="1" TopLine="3"/>
      </Position2>
      <Position3>
        <Filename Value="../../../AncestroComponents/components/u_ancestropictimages.pas"/>
        <Caret Line="21" Column="30" TopLine="1"/>
      </Position3>
      <Position4>
        <Filename Value="../../../AncestroComponents/components/u_registerbuttons.pas"/>
        <Caret Line="30" Column="3" TopLine="3"/>
      </Position4>
      <Position5>
        <Filename Value="../../../Extended/fonctions/unite_messages.pas"/>
        <Caret Line="53" Column="40" TopLine="51"/>
      </Position5>
      <Position6>
        <Filename Value="../../../AncestroComponents/components/u_ancestropictimages.pas"/>
        <Caret Line="508" Column="47" TopLine="501"/>
      </Position6>
      <Position7>
        <Filename Value="../../../AncestroComponents/components/u_ancestropictimages.pas"/>
        <Caret Line="657" Column="1" TopLine="621"/>
      </Position7>
      <Position8>
        <Filename Value="../../forms/u_administration.pas"/>
        <Caret Line="92" Column="68" TopLine="76"/>
      </Position8>
      <Position9>
        <Filename Value="../../forms/u_acces.pas"/>
        <Caret Line="46" Column="79" TopLine="13"/>
      </Position9>
      <Position10>
        <Filename Value="../../forms/u_acces.pas"/>
        <Caret Line="8" Column="23" TopLine="1"/>
      </Position10>
      <Position11>
        <Filename Value="../../forms/u_fenetreprincipale.pas"/>
        <Caret Line="1" Column="1" TopLine="1"/>
      </Position11>
      <Position12>
        <Filename Value="../../forms/u_fenetreprincipale.pas"/>
        <Caret Line="257" Column="34" TopLine="233"/>
      </Position12>
      <Position13>
        <Filename Value="../../forms/u_fenetreprincipale.pas"/>
        <Caret Line="338" Column="3" TopLine="310"/>
      </Position13>
      <Position14>
        <Filename Value="../../forms/u_fenetreprincipale.pas"/>
        <Caret Line="1" Column="1" TopLine="1"/>
      </Position14>
      <Position15>
        <Filename Value="../../../Extended/fonctions/fonctions_forms.pas"/>
        <Caret Line="1216" Column="168" TopLine="1180"/>
      </Position15>
      <Position16>
        <Filename Value="../../../Extended/composants/u_formmainini.pas"/>
        <Caret Line="19" Column="80" TopLine="1"/>
      </Position16>
      <Position17>
        <Filename Value="../../../Extended/fonctions/fonctions_init.pas"/>
        <Caret Line="201" Column="1" TopLine="162"/>
      </Position17>
      <Position18>
        <Filename Value="../../../Extended/composants/u_formmainini.pas"/>
        <Caret Line="177" Column="1" TopLine="150"/>
      </Position18>
      <Position19>
        <Filename Value="../../../Extended/composants/u_formmainini.pas"/>
        <Caret Line="325" Column="21" TopLine="297"/>
      </Position19>
      <Position20>
        <Filename Value="../../../Extended/composants/u_formmainini.pas"/>
        <Caret Line="493" Column="19" TopLine="438"/>
      </Position20>
      <Position21>
        <Filename Value="../../../Extended/composants/u_formmainini.pas"/>
        <Caret Line="1" Column="1" TopLine="1"/>
      </Position21>
      <Position22>
        <Filename Value="../../../Extended/composants/u_formmainini.pas"/>
        <Caret Line="168" Column="33" TopLine="119"/>
      </Position22>
      <Position23>
        <Filename Value="../../../Extended/composants/u_formmainini.pas"/>
        <Caret Line="171" Column="27" TopLine="122"/>
      </Position23>
      <Position24>
        <Filename Value="../../forms/u_fenetreprincipale.pas"/>
        <Caret Line="338" Column="19" TopLine="290"/>
      </Position24>
      <Position25>
        <Filename Value="../../../Extended/composants/u_formmainini.pas"/>
        <Caret Line="297" Column="51" TopLine="280"/>
      </Position25>
      <Position26>
        <Filename Value="../../../Extended/composants/u_formmainini.pas"/>
        <Caret Line="1" Column="1" TopLine="1"/>
      </Position26>
      <Position27>
        <Filename Value="../../fonctions/fonctions_Objets_Data.pas"/>
        <Caret Line="338" Column="84" TopLine="13"/>
      </Position27>
      <Position28>
        <Filename Value="../../fonctions/fonctions_Objets_Data.pas"/>
        <Caret Line="336" Column="22" TopLine="300"/>
      </Position28>
      <Position29>
        <Filename Value="../../fonctions/fonctions_Objets_Data.pas"/>
        <Caret Line="552" Column="15" TopLine="526"/>
      </Position29>
      <Position30>
        <Filename Value="demo.lpr"/>
        <Caret Line="31" Column="43" TopLine="1"/>
      </Position30>
    </JumpHistory>
  </ProjectOptions>
  <CompilerOptions>
    <Version Value="11"/>
    <SearchPaths>
      <UnitOutputDirectory Value="$(TargetCPU)-$(TargetOS)"/>
    </SearchPaths>
    <Parsing>
      <SyntaxOptions>
        <UseAnsiStrings Value="False"/>
      </SyntaxOptions>
    </Parsing>
    <CodeGeneration>
      <Optimizations>
        <OptimizationLevel Value="0"/>
      </Optimizations>
    </CodeGeneration>
    <Linking>
      <Options>
        <Win32>
          <GraphicApplication Value="True"/>
        </Win32>
      </Options>
    </Linking>
    <Other>
      <CompilerMessages>
        <UseMsgFile Value="True"/>
      </CompilerMessages>
      <CompilerPath Value="$(CompPath)"/>
    </Other>
  </CompilerOptions>
  <Debugging>
    <BreakPoints Count="9">
      <Item1>
        <Kind Value="bpkSource"/>
        <WatchScope Value="wpsGlobal"/>
        <WatchKind Value="wpkWrite"/>
        <Source Value="../../composants/Matthieu/forms/U_FenetrePrincipale.pas"/>
        <Line Value="241"/>
      </Item1>
      <Item2>
        <Kind Value="bpkSource"/>
        <WatchScope Value="wpsGlobal"/>
        <WatchKind Value="wpkWrite"/>
        <Source Value="../../../../../usr/lib/lazarus/lcl/include/application.inc"/>
        <Line Value="1598"/>
      </Item2>
      <Item3>
        <Kind Value="bpkSource"/>
        <WatchScope Value="wpsGlobal"/>
        <WatchKind Value="wpkWrite"/>
        <Source Value="../../composants/rxfpc/rxlookup.pas"/>
        <Line Value="1320"/>
      </Item3>
      <Item4>
        <Kind Value="bpkSource"/>
        <WatchScope Value="wpsGlobal"/>
        <WatchKind Value="wpkWrite"/>
        <Source Value="../../../Lazarus Delphi/Extended/forms/U_Acces.pas"/>
        <Line Value="181"/>
      </Item4>
      <Item5>
        <Kind Value="bpkSource"/>
        <WatchScope Value="wpsGlobal"/>
        <WatchKind Value="wpkWrite"/>
        <Source Value="../../../Lazarus Delphi/Extended/forms/U_Acces.pas"/>
        <Line Value="227"/>
      </Item5>
      <Item6>
        <Kind Value="bpkSource"/>
        <WatchScope Value="wpsGlobal"/>
        <WatchKind Value="wpkWrite"/>
        <Source Value="../ManFrames/composants/U_GroupView.pas"/>
        <Line Value="3374"/>
      </Item6>
      <Item7>
        <Kind Value="bpkSource"/>
        <WatchScope Value="wpsGlobal"/>
        <WatchKind Value="wpkWrite"/>
        <Source Value="../ManFrames/forms/U_Administration.pas"/>
        <Line Value="1640"/>
      </Item7>
      <Item8>
        <Kind Value="bpkSource"/>
        <WatchScope Value="wpsGlobal"/>
        <WatchKind Value="wpkWrite"/>
        <Source Value="../../../../Lazarus/composants/jvXP/JvXPButtons.pas"/>
        <Line Value="450"/>
      </Item8>
      <Item9>
        <Kind Value="bpkSource"/>
        <WatchScope Value="wpsGlobal"/>
        <WatchKind Value="wpkWrite"/>
        <Source Value="../../fonctions/fonctions_Objets_Data.pas"/>
        <Line Value="867"/>
      </Item9>
    </BreakPoints>
    <Exceptions Count="2">
      <Item1>
        <Name Value="ECodetoolError"/>
      </Item1>
      <Item2>
        <Name Value="EFOpenError"/>
      </Item2>
    </Exceptions>
  </Debugging>
</CONFIG>
